
Microsoft Visual Studio Solution File, Format Version 12.00
# Visual Studio 15
VisualStudioVersion = 15.0.28307.1022
MinimumVisualStudioVersion = 10.0.40219.1
Project("{FAE04EC0-301F-11D3-BF4B-00C04F79EFBC}") = "FileReaderService", "FileReaderService\FileReaderService.csproj", "{F2A30DC0-7205-400E-A557-A34069003DA3}"
EndProject
Project("{FAE04EC0-301F-11D3-BF4B-00C04F79EFBC}") = "FileReaderServiceHost", "FileReaderServiceHost\FileReaderServiceHost.csproj", "{A0740580-A8FC-4877-9AAB-641071C6B579}"
EndProject
Project("{FAE04EC0-301F-11D3-BF4B-00C04F79EFBC}") = "FileReaderServiceClient", "FileReaderServiceClient\FileReaderServiceClient.csproj", "{55F9FABB-E2D2-401C-AF01-9F145BB0D99E}"
EndProject
Project("{FAE04EC0-301F-11D3-BF4B-00C04F79EFBC}") = "FileReaderServiceProxy", "FileReaderServiceProxy\FileReaderServiceProxy.csproj", "{F8BC162C-EA4E-4BAF-AAF1-D2F3D510A00C}"
EndProject
Project("{FAE04EC0-301F-11D3-BF4B-00C04F79EFBC}") = "FileReaderServiceUIClient", "FileReaderServiceUIClient\FileReaderServiceUIClient.csproj", "{174DDA16-3802-4A23-AEB6-67E4CC998CB2}"
EndProject
Project("{FAE04EC0-301F-11D3-BF4B-00C04F79EFBC}") = "FileReaderServiceClientWithFaultHandler", "FileReaderServiceClientWithFaultHandler\FileReaderServiceClientWithFaultHandler.csproj", "{658ADEC9-19BF-440C-98AC-E450DEA8D9E5}"
EndProject
Global
	GlobalSection(SolutionConfigurationPlatforms) = preSolution
		Debug|Any CPU = Debug|Any CPU
		Release|Any CPU = Release|Any CPU
	EndGlobalSection
	GlobalSection(ProjectConfigurationPlatforms) = postSolution
		{F2A30DC0-7205-400E-A557-A34069003DA3}.Debug|Any CPU.ActiveCfg = Debug|Any CPU
		{F2A30DC0-7205-400E-A557-A34069003DA3}.Debug|Any CPU.Build.0 = Debug|Any CPU
		{F2A30DC0-7205-400E-A557-A34069003DA3}.Release|Any CPU.ActiveCfg = Release|Any CPU
		{F2A30DC0-7205-400E-A557-A34069003DA3}.Release|Any CPU.Build.0 = Release|Any CPU
		{A0740580-A8FC-4877-9AAB-641071C6B579}.Debug|Any CPU.ActiveCfg = Debug|Any CPU
		{A0740580-A8FC-4877-9AAB-641071C6B579}.Debug|Any CPU.Build.0 = Debug|Any CPU
		{A0740580-A8FC-4877-9AAB-641071C6B579}.Release|Any CPU.ActiveCfg = Release|Any CPU
		{A0740580-A8FC-4877-9AAB-641071C6B579}.Release|Any CPU.Build.0 = Release|Any CPU
		{55F9FABB-E2D2-401C-AF01-9F145BB0D99E}.Debug|Any CPU.ActiveCfg = Debug|Any CPU
		{55F9FABB-E2D2-401C-AF01-9F145BB0D99E}.Debug|Any CPU.Build.0 = Debug|Any CPU
		{55F9FABB-E2D2-401C-AF01-9F145BB0D99E}.Release|Any CPU.ActiveCfg = Release|Any CPU
		{55F9FABB-E2D2-401C-AF01-9F145BB0D99E}.Release|Any CPU.Build.0 = Release|Any CPU
		{F8BC162C-EA4E-4BAF-AAF1-D2F3D510A00C}.Debug|Any CPU.ActiveCfg = Debug|Any CPU
		{F8BC162C-EA4E-4BAF-AAF1-D2F3D510A00C}.Debug|Any CPU.Build.0 = Debug|Any CPU
		{F8BC162C-EA4E-4BAF-AAF1-D2F3D510A00C}.Release|Any CPU.ActiveCfg = Release|Any CPU
		{F8BC162C-EA4E-4BAF-AAF1-D2F3D510A00C}.Release|Any CPU.Build.0 = Release|Any CPU
		{174DDA16-3802-4A23-AEB6-67E4CC998CB2}.Debug|Any CPU.ActiveCfg = Debug|Any CPU
		{174DDA16-3802-4A23-AEB6-67E4CC998CB2}.Debug|Any CPU.Build.0 = Debug|Any CPU
		{174DDA16-3802-4A23-AEB6-67E4CC998CB2}.Release|Any CPU.ActiveCfg = Release|Any CPU
		{174DDA16-3802-4A23-AEB6-67E4CC998CB2}.Release|Any CPU.Build.0 = Release|Any CPU
		{658ADEC9-19BF-440C-98AC-E450DEA8D9E5}.Debug|Any CPU.ActiveCfg = Debug|Any CPU
		{658ADEC9-19BF-440C-98AC-E450DEA8D9E5}.Debug|Any CPU.Build.0 = Debug|Any CPU
		{658ADEC9-19BF-440C-98AC-E450DEA8D9E5}.Release|Any CPU.ActiveCfg = Release|Any CPU
		{658ADEC9-19BF-440C-98AC-E450DEA8D9E5}.Release|Any CPU.Build.0 = Release|Any CPU
	EndGlobalSection
	GlobalSection(SolutionProperties) = preSolution
		HideSolutionNode = FALSE
	EndGlobalSection
	GlobalSection(ExtensibilityGlobals) = postSolution
		SolutionGuid = {63A69CF3-4E83-419F-AADA-CE13926D05F2}
	EndGlobalSection
EndGlobal
